{
  "name": "router",
  "version": "1.0.0",
  "lockfileVersion": 3,
  "requires": true,
  "packages": {
    "": {
      "name": "router",
      "version": "1.0.0",
      "license": "ISC",
      "dependencies": {
        "hono": "^4.12.7"
      }
    },
    "node_modules/hono": {
      "version": "4.12.7",
      "resolved": "https://registry.npmjs.org/hono/-/hono-4.12.7.tgz",
      "integrity": "sha512-jq9l1DM0zVIvsm3lv9Nw9nlJnMNPOcAtsbsgiUhWcFzPE99Gvo6yRTlszSLLYacMeQ6quHD6hMfId8crVHvexw==",
      "license": "MIT",
      "engines": {
        "node": ">=16.9.0"
      }
    }
  }
}
